
Microsoft Visual Studio Solution File, Format Version 12.00
# Visual Studio 15
Project("{FAE04EC0-301F-11D3-BF4B-00C04F79EFBC}") = "Assembly-CSharp-firstpass", "Assembly-CSharp-firstpass.csproj", "{9F7951BE-C992-EA47-F446-3F70518A6671}"
EndProject
Project("{FAE04EC0-301F-11D3-BF4B-00C04F79EFBC}") = "Assembly-CSharp", "Assembly-CSharp.csproj", "{D4482C04-A96C-4E18-E4DE-A5E2C1CFC45B}"
EndProject
Project("{FAE04EC0-301F-11D3-BF4B-00C04F79EFBC}") = "Barracuda", "Barracuda.csproj", "{FBDA42F6-0409-C0E7-FFFA-0120EEAF2EFB}"
EndProject
Project("{FAE04EC0-301F-11D3-BF4B-00C04F79EFBC}") = "MacBLAS", "MacBLAS.csproj", "{D2AAD9B6-A925-58FB-6AB5-F33564BCCF1C}"
EndProject
Project("{FAE04EC0-301F-11D3-BF4B-00C04F79EFBC}") = "BurstBLAS", "BurstBLAS.csproj", "{D4DB8274-10D3-7443-D46A-1DA00B7D66C2}"
EndProject
Project("{FAE04EC0-301F-11D3-BF4B-00C04F79EFBC}") = "iOSBLAS", "iOSBLAS.csproj", "{DE367E75-C6AD-4D18-24BC-FCFC1A451E1D}"
EndProject
Project("{FAE04EC0-301F-11D3-BF4B-00C04F79EFBC}") = "Assembly-CSharp-Editor-firstpass", "Assembly-CSharp-Editor-firstpass.csproj", "{58B0B718-F8C2-E702-DAE5-CD221630CCDA}"
EndProject
Project("{FAE04EC0-301F-11D3-BF4B-00C04F79EFBC}") = "Barracuda-editor", "Barracuda-editor.csproj", "{DE0D8F60-5488-11E1-FB6B-9E39E2CE1797}"
EndProject
Global
	GlobalSection(SolutionConfigurationPlatforms) = preSolution
		Debug|Any CPU = Debug|Any CPU
		Release|Any CPU = Release|Any CPU
	EndGlobalSection
	GlobalSection(ProjectConfigurationPlatforms) = postSolution
		{9F7951BE-C992-EA47-F446-3F70518A6671}.Debug|Any CPU.ActiveCfg = Debug|Any CPU
		{9F7951BE-C992-EA47-F446-3F70518A6671}.Debug|Any CPU.Build.0 = Debug|Any CPU
		{9F7951BE-C992-EA47-F446-3F70518A6671}.Release|Any CPU.ActiveCfg = Release|Any CPU
		{9F7951BE-C992-EA47-F446-3F70518A6671}.Release|Any CPU.Build.0 = Release|Any CPU
		{D4482C04-A96C-4E18-E4DE-A5E2C1CFC45B}.Debug|Any CPU.ActiveCfg = Debug|Any CPU
		{D4482C04-A96C-4E18-E4DE-A5E2C1CFC45B}.Debug|Any CPU.Build.0 = Debug|Any CPU
		{D4482C04-A96C-4E18-E4DE-A5E2C1CFC45B}.Release|Any CPU.ActiveCfg = Release|Any CPU
		{D4482C04-A96C-4E18-E4DE-A5E2C1CFC45B}.Release|Any CPU.Build.0 = Release|Any CPU
		{FBDA42F6-0409-C0E7-FFFA-0120EEAF2EFB}.Debug|Any CPU.ActiveCfg = Debug|Any CPU
		{FBDA42F6-0409-C0E7-FFFA-0120EEAF2EFB}.Debug|Any CPU.Build.0 = Debug|Any CPU
		{FBDA42F6-0409-C0E7-FFFA-0120EEAF2EFB}.Release|Any CPU.ActiveCfg = Release|Any CPU
		{FBDA42F6-0409-C0E7-FFFA-0120EEAF2EFB}.Release|Any CPU.Build.0 = Release|Any CPU
		{D2AAD9B6-A925-58FB-6AB5-F33564BCCF1C}.Debug|Any CPU.ActiveCfg = Debug|Any CPU
		{D2AAD9B6-A925-58FB-6AB5-F33564BCCF1C}.Debug|Any CPU.Build.0 = Debug|Any CPU
		{D2AAD9B6-A925-58FB-6AB5-F33564BCCF1C}.Release|Any CPU.ActiveCfg = Release|Any CPU
		{D2AAD9B6-A925-58FB-6AB5-F33564BCCF1C}.Release|Any CPU.Build.0 = Release|Any CPU
		{D4DB8274-10D3-7443-D46A-1DA00B7D66C2}.Debug|Any CPU.ActiveCfg = Debug|Any CPU
		{D4DB8274-10D3-7443-D46A-1DA00B7D66C2}.Debug|Any CPU.Build.0 = Debug|Any CPU
		{D4DB8274-10D3-7443-D46A-1DA00B7D66C2}.Release|Any CPU.ActiveCfg = Release|Any CPU
		{D4DB8274-10D3-7443-D46A-1DA00B7D66C2}.Release|Any CPU.Build.0 = Release|Any CPU
		{DE367E75-C6AD-4D18-24BC-FCFC1A451E1D}.Debug|Any CPU.ActiveCfg = Debug|Any CPU
		{DE367E75-C6AD-4D18-24BC-FCFC1A451E1D}.Debug|Any CPU.Build.0 = Debug|Any CPU
		{DE367E75-C6AD-4D18-24BC-FCFC1A451E1D}.Release|Any CPU.ActiveCfg = Release|Any CPU
		{DE367E75-C6AD-4D18-24BC-FCFC1A451E1D}.Release|Any CPU.Build.0 = Release|Any CPU
		{58B0B718-F8C2-E702-DAE5-CD221630CCDA}.Debug|Any CPU.ActiveCfg = Debug|Any CPU
		{58B0B718-F8C2-E702-DAE5-CD221630CCDA}.Debug|Any CPU.Build.0 = Debug|Any CPU
		{58B0B718-F8C2-E702-DAE5-CD221630CCDA}.Release|Any CPU.ActiveCfg = Release|Any CPU
		{58B0B718-F8C2-E702-DAE5-CD221630CCDA}.Release|Any CPU.Build.0 = Release|Any CPU
		{DE0D8F60-5488-11E1-FB6B-9E39E2CE1797}.Debug|Any CPU.ActiveCfg = Debug|Any CPU
		{DE0D8F60-5488-11E1-FB6B-9E39E2CE1797}.Debug|Any CPU.Build.0 = Debug|Any CPU
		{DE0D8F60-5488-11E1-FB6B-9E39E2CE1797}.Release|Any CPU.ActiveCfg = Release|Any CPU
		{DE0D8F60-5488-11E1-FB6B-9E39E2CE1797}.Release|Any CPU.Build.0 = Release|Any CPU
	EndGlobalSection
	GlobalSection(SolutionProperties) = preSolution
		HideSolutionNode = FALSE
	EndGlobalSection
EndGlobal
